// !$*UTF8*$!
{
	archiveVersion = 1;
	classes = {
	};
	objectVersion = 50;
	objects = {

/* Begin PBXBuildFile section */
		8675B41CA36760349A9E9A30 /* Pods_CryptoApiLib_Web3_swift.framework in Frameworks */ = {isa = PBXBuildFile; fileRef = 49E2007B3ADBEFE2196277FE /* Pods_CryptoApiLib_Web3_swift.framework */; };
		CEA484F92403FCF300503BD4 /* AppDelegate.swift in Sources */ = {isa = PBXBuildFile; fileRef = CEA484F82403FCF300503BD4 /* AppDelegate.swift */; };
		CEA484FD2403FCF300503BD4 /* ViewController.swift in Sources */ = {isa = PBXBuildFile; fileRef = CEA484FC2403FCF300503BD4 /* ViewController.swift */; };
		CEA485002403FCF300503BD4 /* Main.storyboard in Resources */ = {isa = PBXBuildFile; fileRef = CEA484FE2403FCF300503BD4 /* Main.storyboard */; };
		CEA485022403FCF400503BD4 /* Assets.xcassets in Resources */ = {isa = PBXBuildFile; fileRef = CEA485012403FCF400503BD4 /* Assets.xcassets */; };
		CEA485052403FCF400503BD4 /* LaunchScreen.storyboard in Resources */ = {isa = PBXBuildFile; fileRef = CEA485032403FCF400503BD4 /* LaunchScreen.storyboard */; };
/* End PBXBuildFile section */

/* Begin PBXFileReference section */
		49E2007B3ADBEFE2196277FE /* Pods_CryptoApiLib_Web3_swift.framework */ = {isa = PBXFileReference; explicitFileType = wrapper.framework; includeInIndex = 0; path = Pods_CryptoApiLib_Web3_swift.framework; sourceTree = BUILT_PRODUCTS_DIR; };
		782BA74BFBFB7479C039C156 /* Pods-CryptoApiLib_Web3.swift.release.xcconfig */ = {isa = PBXFileReference; includeInIndex = 1; lastKnownFileType = text.xcconfig; name = "Pods-CryptoApiLib_Web3.swift.release.xcconfig"; path = "Target Support Files/Pods-CryptoApiLib_Web3.swift/Pods-CryptoApiLib_Web3.swift.release.xcconfig"; sourceTree = "<group>"; };
		99BAAEF17574D96DE1D9C96B /* Pods-CryptoApiLib_Web3.swift.debug.xcconfig */ = {isa = PBXFileReference; includeInIndex = 1; lastKnownFileType = text.xcconfig; name = "Pods-CryptoApiLib_Web3.swift.debug.xcconfig"; path = "Target Support Files/Pods-CryptoApiLib_Web3.swift/Pods-CryptoApiLib_Web3.swift.debug.xcconfig"; sourceTree = "<group>"; };
		CEA484F52403FCF300503BD4 /* CryptoApiLib_Web3.swift.app */ = {isa = PBXFileReference; explicitFileType = wrapper.application; includeInIndex = 0; path = CryptoApiLib_Web3.swift.app; sourceTree = BUILT_PRODUCTS_DIR; };
		CEA484F82403FCF300503BD4 /* AppDelegate.swift */ = {isa = PBXFileReference; lastKnownFileType = sourcecode.swift; path = AppDelegate.swift; sourceTree = "<group>"; };
		CEA484FC2403FCF300503BD4 /* ViewController.swift */ = {isa = PBXFileReference; lastKnownFileType = sourcecode.swift; path = ViewController.swift; sourceTree = "<group>"; };
		CEA484FF2403FCF300503BD4 /* Base */ = {isa = PBXFileReference; lastKnownFileType = file.storyboard; name = Base; path = Base.lproj/Main.storyboard; sourceTree = "<group>"; };
		CEA485012403FCF400503BD4 /* Assets.xcassets */ = {isa = PBXFileReference; lastKnownFileType = folder.assetcatalog; path = Assets.xcassets; sourceTree = "<group>"; };
		CEA485042403FCF400503BD4 /* Base */ = {isa = PBXFileReference; lastKnownFileType = file.storyboard; name = Base; path = Base.lproj/LaunchScreen.storyboard; sourceTree = "<group>"; };
		CEA485062403FCF400503BD4 /* Info.plist */ = {isa = PBXFileReference; lastKnownFileType = text.plist.xml; path = Info.plist; sourceTree = "<group>"; };
/* End PBXFileReference section */

/* Begin PBXFrameworksBuildPhase section */
		CEA484F22403FCF300503BD4 /* Frameworks */ = {
			isa = PBXFrameworksBuildPhase;
			buildActionMask = 2147483647;
			files = (
				8675B41CA36760349A9E9A30 /* Pods_CryptoApiLib_Web3_swift.framework in Frameworks */,
			);
			runOnlyForDeploymentPostprocessing = 0;
		};
/* End PBXFrameworksBuildPhase section */

/* Begin PBXGroup section */
		B308D1CC68B8450A7893184A /* Frameworks */ = {
			isa = PBXGroup;
			children = (
				49E2007B3ADBEFE2196277FE /* Pods_CryptoApiLib_Web3_swift.framework */,
			);
			name = Frameworks;
			sourceTree = "<group>";
		};
		BD23A9F51409ABEBA5CC9952 /* Pods */ = {
			isa = PBXGroup;
			children = (
				99BAAEF17574D96DE1D9C96B /* Pods-CryptoApiLib_Web3.swift.debug.xcconfig */,
				782BA74BFBFB7479C039C156 /* Pods-CryptoApiLib_Web3.swift.release.xcconfig */,
			);
			name = Pods;
			path = Pods;
			sourceTree = "<group>";
		};
		CEA484EC2403FCF300503BD4 = {
			isa = PBXGroup;
			children = (
				CEA484F72403FCF300503BD4 /* CryptoApiLib_Web3.swift */,
				CEA484F62403FCF300503BD4 /* Products */,
				BD23A9F51409ABEBA5CC9952 /* Pods */,
				B308D1CC68B8450A7893184A /* Frameworks */,
			);
			sourceTree = "<group>";
		};
		CEA484F62403FCF300503BD4 /* Products */ = {
			isa = PBXGroup;
			children = (
				CEA484F52403FCF300503BD4 /* CryptoApiLib_Web3.swift.app */,
			);
			name = Products;
			sourceTree = "<group>";
		};
		CEA484F72403FCF300503BD4 /* CryptoApiLib_Web3.swift */ = {
			isa = PBXGroup;
			children = (
				CEA484F82403FCF300503BD4 /* AppDelegate.swift */,
				CEA484FC2403FCF300503BD4 /* ViewController.swift */,
				CEA484FE2403FCF300503BD4 /* Main.storyboard */,
				CEA485012403FCF400503BD4 /* Assets.xcassets */,
				CEA485032403FCF400503BD4 /* LaunchScreen.storyboard */,
				CEA485062403FCF400503BD4 /* Info.plist */,
			);
			path = CryptoApiLib_Web3.swift;
			sourceTree = "<group>";
		};
/* End PBXGroup section */

/* Begin PBXNativeTarget section */
		CEA484F42403FCF300503BD4 /* CryptoApiLib_Web3.swift */ = {
			isa = PBXNativeTarget;
			buildConfigurationList = CEA485092403FCF400503BD4 /* Build configuration list for PBXNativeTarget "CryptoApiLib_Web3.swift" */;
			buildPhases = (
				95F2E6E9A1E3F90AFF556907 /* [CP] Check Pods Manifest.lock */,
				CEA484F12403FCF300503BD4 /* Sources */,
				CEA484F22403FCF300503BD4 /* Frameworks */,
				CEA484F32403FCF300503BD4 /* Resources */,
				2F9FCEF0A1CDB023B038CD97 /* [CP] Embed Pods Frameworks */,
			);
			buildRules = (
			);
			dependencies = (
			);
			name = CryptoApiLib_Web3.swift;
			productName = CryptoApiLib_Web3.swift;
			productReference = CEA484F52403FCF300503BD4 /* CryptoApiLib_Web3.swift.app */;
			productType = "com.apple.product-type.application";
		};
/* End PBXNativeTarget section */

/* Begin PBXProject section */
		CEA484ED2403FCF300503BD4 /* Project object */ = {
			isa = PBXProject;
			attributes = {
				LastSwiftUpdateCheck = 1130;
				LastUpgradeCheck = 1130;
				ORGANIZATIONNAME = pixelplex;
				TargetAttributes = {
					CEA484F42403FCF300503BD4 = {
						CreatedOnToolsVersion = 11.3.1;
					};
				};
			};
			buildConfigurationList = CEA484F02403FCF300503BD4 /* Build configuration list for PBXProject "CryptoApiLib_Web3.swift" */;
			compatibilityVersion = "Xcode 9.3";
			developmentRegion = en;
			hasScannedForEncodings = 0;
			knownRegions = (
				en,
				Base,
			);
			mainGroup = CEA484EC2403FCF300503BD4;
			productRefGroup = CEA484F62403FCF300503BD4 /* Products */;
			projectDirPath = "";
			projectRoot = "";
			targets = (
				CEA484F42403FCF300503BD4 /* CryptoApiLib_Web3.swift */,
			);
		};
/* End PBXProject section */

/* Begin PBXResourcesBuildPhase section */
		CEA484F32403FCF300503BD4 /* Resources */ = {
			isa = PBXResourcesBuildPhase;
			buildActionMask = 2147483647;
			files = (
				CEA485052403FCF400503BD4 /* LaunchScreen.storyboard in Resources */,
				CEA485022403FCF400503BD4 /* Assets.xcassets in Resources */,
				CEA485002403FCF300503BD4 /* Main.storyboard in Resources */,
			);
			runOnlyForDeploymentPostprocessing = 0;
		};
/* End PBXResourcesBuildPhase section */

/* Begin PBXShellScriptBuildPhase section */
		2F9FCEF0A1CDB023B038CD97 /* [CP] Embed Pods Frameworks */ = {
			isa = PBXShellScriptBuildPhase;
			buildActionMask = 2147483647;
			files = (
			);
			inputFileListPaths = (
				"${PODS_ROOT}/Target Support Files/Pods-CryptoApiLib_Web3.swift/Pods-CryptoApiLib_Web3.swift-frameworks-${CONFIGURATION}-input-files.xcfilelist",
			);
			name = "[CP] Embed Pods Frameworks";
			outputFileListPaths = (
				"${PODS_ROOT}/Target Support Files/Pods-CryptoApiLib_Web3.swift/Pods-CryptoApiLib_Web3.swift-frameworks-${CONFIGURATION}-output-files.xcfilelist",
			);
			runOnlyForDeploymentPostprocessing = 0;
			shellPath = /bin/sh;
			shellScript = "\"${PODS_ROOT}/Target Support Files/Pods-CryptoApiLib_Web3.swift/Pods-CryptoApiLib_Web3.swift-frameworks.sh\"\n";
			showEnvVarsInLog = 0;
		};
		95F2E6E9A1E3F90AFF556907 /* [CP] Check Pods Manifest.lock */ = {
			isa = PBXShellScriptBuildPhase;
			buildActionMask = 2147483647;
			files = (
			);
			inputFileListPaths = (
			);
			inputPaths = (
				"${PODS_PODFILE_DIR_PATH}/Podfile.lock",
				"${PODS_ROOT}/Manifest.lock",
			);
			name = "[CP] Check Pods Manifest.lock";
			outputFileListPaths = (
			);
			outputPaths = (
				"$(DERIVED_FILE_DIR)/Pods-CryptoApiLib_Web3.swift-checkManifestLockResult.txt",
			);
			runOnlyForDeploymentPostprocessing = 0;
			shellPath = /bin/sh;
			shellScript = "diff \"${PODS_PODFILE_DIR_PATH}/Podfile.lock\" \"${PODS_ROOT}/Manifest.lock\" > /dev/null\nif [ $? != 0 ] ; then\n    # print error to STDERR\n    echo \"error: The sandbox is not in sync with the Podfile.lock. Run 'pod install' or update your CocoaPods installation.\" >&2\n    exit 1\nfi\n# This output is used by Xcode 'outputs' to avoid re-running this script phase.\necho \"SUCCESS\" > \"${SCRIPT_OUTPUT_FILE_0}\"\n";
			showEnvVarsInLog = 0;
		};
/* End PBXShellScriptBuildPhase section */

/* Begin PBXSourcesBuildPhase section */
		CEA484F12403FCF300503BD4 /* Sources */ = {
			isa = PBXSourcesBuildPhase;
			buildActionMask = 2147483647;
			files = (
				CEA484FD2403FCF300503BD4 /* ViewController.swift in Sources */,
				CEA484F92403FCF300503BD4 /* AppDelegate.swift in Sources */,
			);
			runOnlyForDeploymentPostprocessing = 0;
		};
/* End PBXSourcesBuildPhase section */

/* Begin PBXVariantGroup section */
		CEA484FE2403FCF300503BD4 /* Main.storyboard */ = {
			isa = PBXVariantGroup;
			children = (
				CEA484FF2403FCF300503BD4 /* Base */,
			);
			name = Main.storyboard;
			sourceTree = "<group>";
		};
		CEA485032403FCF400503BD4 /* LaunchScreen.storyboard */ = {
			isa = PBXVariantGroup;
			children = (
				CEA485042403FCF400503BD4 /* Base */,
			);
			name = LaunchScreen.storyboard;
			sourceTree = "<group>";
		};
/* End PBXVariantGroup section */

/* Begin XCBuildConfiguration section */
		CEA485072403FCF400503BD4 /* Debug */ = {
			isa = XCBuildConfiguration;
			buildSettings = {
				ALWAYS_SEARCH_USER_PATHS = NO;
				CLANG_ANALYZER_NONNULL = YES;
				CLANG_ANALYZER_NUMBER_OBJECT_CONVERSION = YES_AGGRESSIVE;
				CLANG_CXX_LANGUAGE_STANDARD = "gnu++14";
				CLANG_CXX_LIBRARY = "libc++";
				CLANG_ENABLE_MODULES = YES;
				CLANG_ENABLE_OBJC_ARC = YES;
				CLANG_ENABLE_OBJC_WEAK = YES;
				CLANG_WARN_BLOCK_CAPTURE_AUTORELEASING = YES;
				CLANG_WARN_BOOL_CONVERSION = YES;
				CLANG_WARN_COMMA = YES;
				CLANG_WARN_CONSTANT_CONVERSION = YES;
				CLANG_WARN_DEPRECATED_OBJC_IMPLEMENTATIONS = YES;
				CLANG_WARN_DIRECT_OBJC_ISA_USAGE = YES_ERROR;
				CLANG_WARN_DOCUMENTATION_COMMENTS = YES;
				CLANG_WARN_EMPTY_BODY = YES;
				CLANG_WARN_ENUM_CONVERSION = YES;
				CLANG_WARN_INFINITE_RECURSION = YES;
				CLANG_WARN_INT_CONVERSION = YES;
				CLANG_WARN_NON_LITERAL_NULL_CONVERSION = YES;
				CLANG_WARN_OBJC_IMPLICIT_RETAIN_SELF = YES;
				CLANG_WARN_OBJC_LITERAL_CONVERSION = YES;
				CLANG_WARN_OBJC_ROOT_CLASS = YES_ERROR;
				CLANG_WARN_RANGE_LOOP_ANALYSIS = YES;
				CLANG_WARN_STRICT_PROTOTYPES = YES;
				CLANG_WARN_SUSPICIOUS_MOVE = YES;
				CLANG_WARN_UNGUARDED_AVAILABILITY = YES_AGGRESSIVE;
				CLANG_WARN_UNREACHABLE_CODE = YES;
				CLANG_WARN__DUPLICATE_METHOD_MATCH = YES;
				COPY_PHASE_STRIP = NO;
				DEBUG_INFORMATION_FORMAT = dwarf;
				ENABLE_STRICT_OBJC_MSGSEND = YES;
				ENABLE_TESTABILITY = YES;
				GCC_C_LANGUAGE_STANDARD = gnu11;
				GCC_DYNAMIC_NO_PIC = NO;
				GCC_NO_COMMON_BLOCKS = YES;
				GCC_OPTIMIZATION_LEVEL = 0;
				GCC_PREPROCESSOR_DEFINITIONS = (
					"DEBUG=1",
					"$(inherited)",
				);
				GCC_WARN_64_TO_32_BIT_CONVERSION = YES;
				GCC_WARN_ABOUT_RETURN_TYPE = YES_ERROR;
				GCC_WARN_UNDECLARED_SELECTOR = YES;
				GCC_WARN_UNINITIALIZED_AUTOS = YES_AGGRESSIVE;
				GCC_WARN_UNUSED_FUNCTION = YES;
				GCC_WARN_UNUSED_VARIABLE = YES;
				IPHONEOS_DEPLOYMENT_TARGET = 13.2;
				MTL_ENABLE_DEBUG_INFO = INCLUDE_SOURCE;
				MTL_FAST_MATH = YES;
				ONLY_ACTIVE_ARCH = YES;
				SDKROOT = iphoneos;
				SWIFT_ACTIVE_COMPILATION_CONDITIONS = DEBUG;
				SWIFT_OPTIMIZATION_LEVEL = "-Onone";
			};
			name = Debug;
		};
		CEA485082403FCF400503BD4 /* Release */ = {
			isa = XCBuildConfiguration;
			buildSettings = {
				ALWAYS_SEARCH_USER_PATHS = NO;
				CLANG_ANALYZER_NONNULL = YES;
				CLANG_ANALYZER_NUMBER_OBJECT_CONVERSION = YES_AGGRESSIVE;
				CLANG_CXX_LANGUAGE_STANDARD = "gnu++14";
				CLANG_CXX_LIBRARY = "libc++";
				CLANG_ENABLE_MODULES = YES;
				CLANG_ENABLE_OBJC_ARC = YES;
				CLANG_ENABLE_OBJC_WEAK = YES;
				CLANG_WARN_BLOCK_CAPTURE_AUTORELEASING = YES;
				CLANG_WARN_BOOL_CONVERSION = YES;
				CLANG_WARN_COMMA = YES;
				CLANG_WARN_CONSTANT_CONVERSION = YES;
				CLANG_WARN_DEPRECATED_OBJC_IMPLEMENTATIONS = YES;
				CLANG_WARN_DIRECT_OBJC_ISA_USAGE = YES_ERROR;
				CLANG_WARN_DOCUMENTATION_COMMENTS = YES;
				CLANG_WARN_EMPTY_BODY = YES;
				CLANG_WARN_ENUM_CONVERSION = YES;
				CLANG_WARN_INFINITE_RECURSION = YES;
				CLANG_WARN_INT_CONVERSION = YES;
				CLANG_WARN_NON_LITERAL_NULL_CONVERSION = YES;
				CLANG_WARN_OBJC_IMPLICIT_RETAIN_SELF = YES;
				CLANG_WARN_OBJC_LITERAL_CONVERSION = YES;
				CLANG_WARN_OBJC_ROOT_CLASS = YES_ERROR;
				CLANG_WARN_RANGE_LOOP_ANALYSIS = YES;
				CLANG_WARN_STRICT_PROTOTYPES = YES;
				CLANG_WARN_SUSPICIOUS_MOVE = YES;
				CLANG_WARN_UNGUARDED_AVAILABILITY = YES_AGGRESSIVE;
				CLANG_WARN_UNREACHABLE_CODE = YES;
				CLANG_WARN__DUPLICATE_METHOD_MATCH = YES;
				COPY_PHASE_STRIP = NO;
				DEBUG_INFORMATION_FORMAT = "dwarf-with-dsym";
				ENABLE_NS_ASSERTIONS = NO;
				ENABLE_STRICT_OBJC_MSGSEND = YES;
				GCC_C_LANGUAGE_STANDARD = gnu11;
				GCC_NO_COMMON_BLOCKS = YES;
				GCC_WARN_64_TO_32_BIT_CONVERSION = YES;
				GCC_WARN_ABOUT_RETURN_TYPE = YES_ERROR;
				GCC_WARN_UNDECLARED_SELECTOR = YES;
				GCC_WARN_UNINITIALIZED_AUTOS = YES_AGGRESSIVE;
				GCC_WARN_UNUSED_FUNCTION = YES;
				GCC_WARN_UNUSED_VARIABLE = YES;
				IPHONEOS_DEPLOYMENT_TARGET = 13.2;
				MTL_ENABLE_DEBUG_INFO = NO;
				MTL_FAST_MATH = YES;
				SDKROOT = iphoneos;
				SWIFT_COMPILATION_MODE = wholemodule;
				SWIFT_OPTIMIZATION_LEVEL = "-O";
				VALIDATE_PRODUCT = YES;
			};
			name = Release;
		};
		CEA4850A2403FCF400503BD4 /* Debug */ = {
			isa = XCBuildConfiguration;
			baseConfigurationReference = 99BAAEF17574D96DE1D9C96B /* Pods-CryptoApiLib_Web3.swift.debug.xcconfig */;
			buildSettings = {
				ASSETCATALOG_COMPILER_APPICON_NAME = AppIcon;
				CODE_SIGN_STYLE = Automatic;
				DEVELOPMENT_TEAM = Q7Q43CUMWT;
				INFOPLIST_FILE = CryptoApiLib_Web3.swift/Info.plist;
				IPHONEOS_DEPLOYMENT_TARGET = 11.0;
				LD_RUNPATH_SEARCH_PATHS = (
					"$(inherited)",
					"@executable_path/Frameworks",
				);
				PRODUCT_BUNDLE_IDENTIFIER = "pixelplex.io.CryptoApiLib-Web3-swift";
				PRODUCT_NAME = "$(TARGET_NAME)";
				SWIFT_VERSION = 5.0;
				TARGETED_DEVICE_FAMILY = "1,2";
			};
			name = Debug;
		};
		CEA4850B2403FCF400503BD4 /* Release */ = {
			isa = XCBuildConfiguration;
			baseConfigurationReference = 782BA74BFBFB7479C039C156 /* Pods-CryptoApiLib_Web3.swift.release.xcconfig */;
			buildSettings = {
				ASSETCATALOG_COMPILER_APPICON_NAME = AppIcon;
				CODE_SIGN_STYLE = Automatic;
				DEVELOPMENT_TEAM = Q7Q43CUMWT;
				INFOPLIST_FILE = CryptoApiLib_Web3.swift/Info.plist;
				IPHONEOS_DEPLOYMENT_TARGET = 11.0;
				LD_RUNPATH_SEARCH_PATHS = (
					"$(inherited)",
					"@executable_path/Frameworks",
				);
				PRODUCT_BUNDLE_IDENTIFIER = "pixelplex.io.CryptoApiLib-Web3-swift";
				PRODUCT_NAME = "$(TARGET_NAME)";
				SWIFT_VERSION = 5.0;
				TARGETED_DEVICE_FAMILY = "1,2";
			};
			name = Release;
		};
/* End XCBuildConfiguration section */

/* Begin XCConfigurationList section */
		CEA484F02403FCF300503BD4 /* Build configuration list for PBXProject "CryptoApiLib_Web3.swift" */ = {
			isa = XCConfigurationList;
			buildConfigurations = (
				CEA485072403FCF400503BD4 /* Debug */,
				CEA485082403FCF400503BD4 /* Release */,
			);
			defaultConfigurationIsVisible = 0;
			defaultConfigurationName = Release;
		};
		CEA485092403FCF400503BD4 /* Build configuration list for PBXNativeTarget "CryptoApiLib_Web3.swift" */ = {
			isa = XCConfigurationList;
			buildConfigurations = (
				CEA4850A2403FCF400503BD4 /* Debug */,
				CEA4850B2403FCF400503BD4 /* Release */,
			);
			defaultConfigurationIsVisible = 0;
			defaultConfigurationName = Release;
		};
/* End XCConfigurationList section */
	};
	rootObject = CEA484ED2403FCF300503BD4 /* Project object */;
}
