// !$*UTF8*$!
{
	archiveVersion = 1;
	classes = {
	};
	objectVersion = 51;
	objects = {

/* Begin PBXBuildFile section */
		55FA9BE6268082A400E48645 /* AppDelegate.swift in Sources */ = {isa = PBXBuildFile; fileRef = 55FA9BE5268082A400E48645 /* AppDelegate.swift */; };
		55FA9BEA268082A400E48645 /* ViewController.swift in Sources */ = {isa = PBXBuildFile; fileRef = 55FA9BE9268082A400E48645 /* ViewController.swift */; };
		55FA9BED268082A400E48645 /* Main.storyboard in Resources */ = {isa = PBXBuildFile; fileRef = 55FA9BEB268082A400E48645 /* Main.storyboard */; };
		55FA9BEF268082A600E48645 /* Assets.xcassets in Resources */ = {isa = PBXBuildFile; fileRef = 55FA9BEE268082A600E48645 /* Assets.xcassets */; };
		55FA9BF2268082A600E48645 /* LaunchScreen.storyboard in Resources */ = {isa = PBXBuildFile; fileRef = 55FA9BF0268082A600E48645 /* LaunchScreen.storyboard */; };
		F32C7B184913143C2A9A9471 /* Pods_CryptoApiLib_BitcoinKit.framework in Frameworks */ = {isa = PBXBuildFile; fileRef = E03243A814CEA970AB554A2D /* Pods_CryptoApiLib_BitcoinKit.framework */; };
/* End PBXBuildFile section */

/* Begin PBXFileReference section */
		1A293CA6AFD25E3E73AE5705 /* Pods-CryptoApiLib-BitcoinKit.release.xcconfig */ = {isa = PBXFileReference; includeInIndex = 1; lastKnownFileType = text.xcconfig; name = "Pods-CryptoApiLib-BitcoinKit.release.xcconfig"; path = "Target Support Files/Pods-CryptoApiLib-BitcoinKit/Pods-CryptoApiLib-BitcoinKit.release.xcconfig"; sourceTree = "<group>"; };
		55FA9BE2268082A300E48645 /* CryptoApiLib-BitcoinKit.app */ = {isa = PBXFileReference; explicitFileType = wrapper.application; includeInIndex = 0; path = "CryptoApiLib-BitcoinKit.app"; sourceTree = BUILT_PRODUCTS_DIR; };
		55FA9BE5268082A400E48645 /* AppDelegate.swift */ = {isa = PBXFileReference; lastKnownFileType = sourcecode.swift; path = AppDelegate.swift; sourceTree = "<group>"; };
		55FA9BE9268082A400E48645 /* ViewController.swift */ = {isa = PBXFileReference; lastKnownFileType = sourcecode.swift; path = ViewController.swift; sourceTree = "<group>"; };
		55FA9BEC268082A400E48645 /* Base */ = {isa = PBXFileReference; lastKnownFileType = file.storyboard; name = Base; path = Base.lproj/Main.storyboard; sourceTree = "<group>"; };
		55FA9BEE268082A600E48645 /* Assets.xcassets */ = {isa = PBXFileReference; lastKnownFileType = folder.assetcatalog; path = Assets.xcassets; sourceTree = "<group>"; };
		55FA9BF1268082A600E48645 /* Base */ = {isa = PBXFileReference; lastKnownFileType = file.storyboard; name = Base; path = Base.lproj/LaunchScreen.storyboard; sourceTree = "<group>"; };
		55FA9BF3268082A600E48645 /* Info.plist */ = {isa = PBXFileReference; lastKnownFileType = text.plist.xml; path = Info.plist; sourceTree = "<group>"; };
		E03243A814CEA970AB554A2D /* Pods_CryptoApiLib_BitcoinKit.framework */ = {isa = PBXFileReference; explicitFileType = wrapper.framework; includeInIndex = 0; path = Pods_CryptoApiLib_BitcoinKit.framework; sourceTree = BUILT_PRODUCTS_DIR; };
		FDDC581C6D5F6DD9D68CFA5A /* Pods-CryptoApiLib-BitcoinKit.debug.xcconfig */ = {isa = PBXFileReference; includeInIndex = 1; lastKnownFileType = text.xcconfig; name = "Pods-CryptoApiLib-BitcoinKit.debug.xcconfig"; path = "Target Support Files/Pods-CryptoApiLib-BitcoinKit/Pods-CryptoApiLib-BitcoinKit.debug.xcconfig"; sourceTree = "<group>"; };
/* End PBXFileReference section */

/* Begin PBXFrameworksBuildPhase section */
		55FA9BDF268082A300E48645 /* Frameworks */ = {
			isa = PBXFrameworksBuildPhase;
			buildActionMask = 2147483647;
			files = (
				F32C7B184913143C2A9A9471 /* Pods_CryptoApiLib_BitcoinKit.framework in Frameworks */,
			);
			runOnlyForDeploymentPostprocessing = 0;
		};
/* End PBXFrameworksBuildPhase section */

/* Begin PBXGroup section */
		2EFFC35A7B5BAF671B2AB502 /* Pods */ = {
			isa = PBXGroup;
			children = (
				FDDC581C6D5F6DD9D68CFA5A /* Pods-CryptoApiLib-BitcoinKit.debug.xcconfig */,
				1A293CA6AFD25E3E73AE5705 /* Pods-CryptoApiLib-BitcoinKit.release.xcconfig */,
			);
			path = Pods;
			sourceTree = "<group>";
		};
		55FA9BD9268082A300E48645 = {
			isa = PBXGroup;
			children = (
				55FA9BE4268082A300E48645 /* CryptoApiLib-BitcoinKit */,
				55FA9BE3268082A300E48645 /* Products */,
				2EFFC35A7B5BAF671B2AB502 /* Pods */,
				D3D3564FEFAD89E18198C473 /* Frameworks */,
			);
			sourceTree = "<group>";
		};
		55FA9BE3268082A300E48645 /* Products */ = {
			isa = PBXGroup;
			children = (
				55FA9BE2268082A300E48645 /* CryptoApiLib-BitcoinKit.app */,
			);
			name = Products;
			sourceTree = "<group>";
		};
		55FA9BE4268082A300E48645 /* CryptoApiLib-BitcoinKit */ = {
			isa = PBXGroup;
			children = (
				55FA9BE5268082A400E48645 /* AppDelegate.swift */,
				55FA9BE9268082A400E48645 /* ViewController.swift */,
				55FA9BEB268082A400E48645 /* Main.storyboard */,
				55FA9BEE268082A600E48645 /* Assets.xcassets */,
				55FA9BF0268082A600E48645 /* LaunchScreen.storyboard */,
				55FA9BF3268082A600E48645 /* Info.plist */,
			);
			path = "CryptoApiLib-BitcoinKit";
			sourceTree = "<group>";
		};
		D3D3564FEFAD89E18198C473 /* Frameworks */ = {
			isa = PBXGroup;
			children = (
				E03243A814CEA970AB554A2D /* Pods_CryptoApiLib_BitcoinKit.framework */,
			);
			name = Frameworks;
			sourceTree = "<group>";
		};
/* End PBXGroup section */

/* Begin PBXNativeTarget section */
		55FA9BE1268082A300E48645 /* CryptoApiLib-BitcoinKit */ = {
			isa = PBXNativeTarget;
			buildConfigurationList = 55FA9BF6268082A600E48645 /* Build configuration list for PBXNativeTarget "CryptoApiLib-BitcoinKit" */;
			buildPhases = (
				DD36AD41F98E869BDABF1232 /* [CP] Check Pods Manifest.lock */,
				55FA9BDE268082A300E48645 /* Sources */,
				55FA9BDF268082A300E48645 /* Frameworks */,
				55FA9BE0268082A300E48645 /* Resources */,
				703667DD882A04DF5F89FB2F /* [CP] Embed Pods Frameworks */,
			);
			buildRules = (
			);
			dependencies = (
			);
			name = "CryptoApiLib-BitcoinKit";
			productName = "CryptoApiLib-BitcoinKit";
			productReference = 55FA9BE2268082A300E48645 /* CryptoApiLib-BitcoinKit.app */;
			productType = "com.apple.product-type.application";
		};
/* End PBXNativeTarget section */

/* Begin PBXProject section */
		55FA9BDA268082A300E48645 /* Project object */ = {
			isa = PBXProject;
			attributes = {
				LastSwiftUpdateCheck = 1240;
				LastUpgradeCheck = 1240;
				TargetAttributes = {
					55FA9BE1268082A300E48645 = {
						CreatedOnToolsVersion = 12.4;
					};
				};
			};
			buildConfigurationList = 55FA9BDD268082A300E48645 /* Build configuration list for PBXProject "CryptoApiLib-BitcoinKit" */;
			compatibilityVersion = "Xcode 9.3";
			developmentRegion = en;
			hasScannedForEncodings = 0;
			knownRegions = (
				en,
				Base,
			);
			mainGroup = 55FA9BD9268082A300E48645;
			productRefGroup = 55FA9BE3268082A300E48645 /* Products */;
			projectDirPath = "";
			projectRoot = "";
			targets = (
				55FA9BE1268082A300E48645 /* CryptoApiLib-BitcoinKit */,
			);
		};
/* End PBXProject section */

/* Begin PBXResourcesBuildPhase section */
		55FA9BE0268082A300E48645 /* Resources */ = {
			isa = PBXResourcesBuildPhase;
			buildActionMask = 2147483647;
			files = (
				55FA9BF2268082A600E48645 /* LaunchScreen.storyboard in Resources */,
				55FA9BEF268082A600E48645 /* Assets.xcassets in Resources */,
				55FA9BED268082A400E48645 /* Main.storyboard in Resources */,
			);
			runOnlyForDeploymentPostprocessing = 0;
		};
/* End PBXResourcesBuildPhase section */

/* Begin PBXShellScriptBuildPhase section */
		703667DD882A04DF5F89FB2F /* [CP] Embed Pods Frameworks */ = {
			isa = PBXShellScriptBuildPhase;
			buildActionMask = 2147483647;
			files = (
			);
			inputFileListPaths = (
				"${PODS_ROOT}/Target Support Files/Pods-CryptoApiLib-BitcoinKit/Pods-CryptoApiLib-BitcoinKit-frameworks-${CONFIGURATION}-input-files.xcfilelist",
			);
			name = "[CP] Embed Pods Frameworks";
			outputFileListPaths = (
				"${PODS_ROOT}/Target Support Files/Pods-CryptoApiLib-BitcoinKit/Pods-CryptoApiLib-BitcoinKit-frameworks-${CONFIGURATION}-output-files.xcfilelist",
			);
			runOnlyForDeploymentPostprocessing = 0;
			shellPath = /bin/sh;
			shellScript = "\"${PODS_ROOT}/Target Support Files/Pods-CryptoApiLib-BitcoinKit/Pods-CryptoApiLib-BitcoinKit-frameworks.sh\"\n";
			showEnvVarsInLog = 0;
		};
		DD36AD41F98E869BDABF1232 /* [CP] Check Pods Manifest.lock */ = {
			isa = PBXShellScriptBuildPhase;
			buildActionMask = 2147483647;
			files = (
			);
			inputFileListPaths = (
			);
			inputPaths = (
				"${PODS_PODFILE_DIR_PATH}/Podfile.lock",
				"${PODS_ROOT}/Manifest.lock",
			);
			name = "[CP] Check Pods Manifest.lock";
			outputFileListPaths = (
			);
			outputPaths = (
				"$(DERIVED_FILE_DIR)/Pods-CryptoApiLib-BitcoinKit-checkManifestLockResult.txt",
			);
			runOnlyForDeploymentPostprocessing = 0;
			shellPath = /bin/sh;
			shellScript = "diff \"${PODS_PODFILE_DIR_PATH}/Podfile.lock\" \"${PODS_ROOT}/Manifest.lock\" > /dev/null\nif [ $? != 0 ] ; then\n    # print error to STDERR\n    echo \"error: The sandbox is not in sync with the Podfile.lock. Run 'pod install' or update your CocoaPods installation.\" >&2\n    exit 1\nfi\n# This output is used by Xcode 'outputs' to avoid re-running this script phase.\necho \"SUCCESS\" > \"${SCRIPT_OUTPUT_FILE_0}\"\n";
			showEnvVarsInLog = 0;
		};
/* End PBXShellScriptBuildPhase section */

/* Begin PBXSourcesBuildPhase section */
		55FA9BDE268082A300E48645 /* Sources */ = {
			isa = PBXSourcesBuildPhase;
			buildActionMask = 2147483647;
			files = (
				55FA9BEA268082A400E48645 /* ViewController.swift in Sources */,
				55FA9BE6268082A400E48645 /* AppDelegate.swift in Sources */,
			);
			runOnlyForDeploymentPostprocessing = 0;
		};
/* End PBXSourcesBuildPhase section */

/* Begin PBXVariantGroup section */
		55FA9BEB268082A400E48645 /* Main.storyboard */ = {
			isa = PBXVariantGroup;
			children = (
				55FA9BEC268082A400E48645 /* Base */,
			);
			name = Main.storyboard;
			sourceTree = "<group>";
		};
		55FA9BF0268082A600E48645 /* LaunchScreen.storyboard */ = {
			isa = PBXVariantGroup;
			children = (
				55FA9BF1268082A600E48645 /* Base */,
			);
			name = LaunchScreen.storyboard;
			sourceTree = "<group>";
		};
/* End PBXVariantGroup section */

/* Begin XCBuildConfiguration section */
		55FA9BF4268082A600E48645 /* Debug */ = {
			isa = XCBuildConfiguration;
			baseConfigurationReference = FDDC581C6D5F6DD9D68CFA5A /* Pods-CryptoApiLib-BitcoinKit.debug.xcconfig */;
			buildSettings = {
				ALWAYS_SEARCH_USER_PATHS = NO;
				CLANG_ANALYZER_NONNULL = YES;
				CLANG_ANALYZER_NUMBER_OBJECT_CONVERSION = YES_AGGRESSIVE;
				CLANG_CXX_LANGUAGE_STANDARD = "gnu++14";
				CLANG_CXX_LIBRARY = "libc++";
				CLANG_ENABLE_MODULES = YES;
				CLANG_ENABLE_OBJC_ARC = YES;
				CLANG_ENABLE_OBJC_WEAK = YES;
				CLANG_WARN_BLOCK_CAPTURE_AUTORELEASING = YES;
				CLANG_WARN_BOOL_CONVERSION = YES;
				CLANG_WARN_COMMA = YES;
				CLANG_WARN_CONSTANT_CONVERSION = YES;
				CLANG_WARN_DEPRECATED_OBJC_IMPLEMENTATIONS = YES;
				CLANG_WARN_DIRECT_OBJC_ISA_USAGE = YES_ERROR;
				CLANG_WARN_DOCUMENTATION_COMMENTS = YES;
				CLANG_WARN_EMPTY_BODY = YES;
				CLANG_WARN_ENUM_CONVERSION = YES;
				CLANG_WARN_INFINITE_RECURSION = YES;
				CLANG_WARN_INT_CONVERSION = YES;
				CLANG_WARN_NON_LITERAL_NULL_CONVERSION = YES;
				CLANG_WARN_OBJC_IMPLICIT_RETAIN_SELF = YES;
				CLANG_WARN_OBJC_LITERAL_CONVERSION = YES;
				CLANG_WARN_OBJC_ROOT_CLASS = YES_ERROR;
				CLANG_WARN_QUOTED_INCLUDE_IN_FRAMEWORK_HEADER = YES;
				CLANG_WARN_RANGE_LOOP_ANALYSIS = YES;
				CLANG_WARN_STRICT_PROTOTYPES = YES;
				CLANG_WARN_SUSPICIOUS_MOVE = YES;
				CLANG_WARN_UNGUARDED_AVAILABILITY = YES_AGGRESSIVE;
				CLANG_WARN_UNREACHABLE_CODE = YES;
				CLANG_WARN__DUPLICATE_METHOD_MATCH = YES;
				COPY_PHASE_STRIP = NO;
				DEBUG_INFORMATION_FORMAT = dwarf;
				ENABLE_STRICT_OBJC_MSGSEND = YES;
				ENABLE_TESTABILITY = YES;
				GCC_C_LANGUAGE_STANDARD = gnu11;
				GCC_DYNAMIC_NO_PIC = NO;
				GCC_NO_COMMON_BLOCKS = YES;
				GCC_OPTIMIZATION_LEVEL = 0;
				GCC_PREPROCESSOR_DEFINITIONS = (
					"DEBUG=1",
					"$(inherited)",
				);
				GCC_WARN_64_TO_32_BIT_CONVERSION = YES;
				GCC_WARN_ABOUT_RETURN_TYPE = YES_ERROR;
				GCC_WARN_UNDECLARED_SELECTOR = YES;
				GCC_WARN_UNINITIALIZED_AUTOS = YES_AGGRESSIVE;
				GCC_WARN_UNUSED_FUNCTION = YES;
				GCC_WARN_UNUSED_VARIABLE = YES;
				IPHONEOS_DEPLOYMENT_TARGET = 14.4;
				MTL_ENABLE_DEBUG_INFO = INCLUDE_SOURCE;
				MTL_FAST_MATH = YES;
				ONLY_ACTIVE_ARCH = YES;
				SDKROOT = iphoneos;
				SWIFT_ACTIVE_COMPILATION_CONDITIONS = DEBUG;
				SWIFT_OPTIMIZATION_LEVEL = "-Onone";
			};
			name = Debug;
		};
		55FA9BF5268082A600E48645 /* Release */ = {
			isa = XCBuildConfiguration;
			baseConfigurationReference = 1A293CA6AFD25E3E73AE5705 /* Pods-CryptoApiLib-BitcoinKit.release.xcconfig */;
			buildSettings = {
				ALWAYS_SEARCH_USER_PATHS = NO;
				CLANG_ANALYZER_NONNULL = YES;
				CLANG_ANALYZER_NUMBER_OBJECT_CONVERSION = YES_AGGRESSIVE;
				CLANG_CXX_LANGUAGE_STANDARD = "gnu++14";
				CLANG_CXX_LIBRARY = "libc++";
				CLANG_ENABLE_MODULES = YES;
				CLANG_ENABLE_OBJC_ARC = YES;
				CLANG_ENABLE_OBJC_WEAK = YES;
				CLANG_WARN_BLOCK_CAPTURE_AUTORELEASING = YES;
				CLANG_WARN_BOOL_CONVERSION = YES;
				CLANG_WARN_COMMA = YES;
				CLANG_WARN_CONSTANT_CONVERSION = YES;
				CLANG_WARN_DEPRECATED_OBJC_IMPLEMENTATIONS = YES;
				CLANG_WARN_DIRECT_OBJC_ISA_USAGE = YES_ERROR;
				CLANG_WARN_DOCUMENTATION_COMMENTS = YES;
				CLANG_WARN_EMPTY_BODY = YES;
				CLANG_WARN_ENUM_CONVERSION = YES;
				CLANG_WARN_INFINITE_RECURSION = YES;
				CLANG_WARN_INT_CONVERSION = YES;
				CLANG_WARN_NON_LITERAL_NULL_CONVERSION = YES;
				CLANG_WARN_OBJC_IMPLICIT_RETAIN_SELF = YES;
				CLANG_WARN_OBJC_LITERAL_CONVERSION = YES;
				CLANG_WARN_OBJC_ROOT_CLASS = YES_ERROR;
				CLANG_WARN_QUOTED_INCLUDE_IN_FRAMEWORK_HEADER = YES;
				CLANG_WARN_RANGE_LOOP_ANALYSIS = YES;
				CLANG_WARN_STRICT_PROTOTYPES = YES;
				CLANG_WARN_SUSPICIOUS_MOVE = YES;
				CLANG_WARN_UNGUARDED_AVAILABILITY = YES_AGGRESSIVE;
				CLANG_WARN_UNREACHABLE_CODE = YES;
				CLANG_WARN__DUPLICATE_METHOD_MATCH = YES;
				COPY_PHASE_STRIP = NO;
				DEBUG_INFORMATION_FORMAT = "dwarf-with-dsym";
				ENABLE_NS_ASSERTIONS = NO;
				ENABLE_STRICT_OBJC_MSGSEND = YES;
				GCC_C_LANGUAGE_STANDARD = gnu11;
				GCC_NO_COMMON_BLOCKS = YES;
				GCC_WARN_64_TO_32_BIT_CONVERSION = YES;
				GCC_WARN_ABOUT_RETURN_TYPE = YES_ERROR;
				GCC_WARN_UNDECLARED_SELECTOR = YES;
				GCC_WARN_UNINITIALIZED_AUTOS = YES_AGGRESSIVE;
				GCC_WARN_UNUSED_FUNCTION = YES;
				GCC_WARN_UNUSED_VARIABLE = YES;
				IPHONEOS_DEPLOYMENT_TARGET = 14.4;
				MTL_ENABLE_DEBUG_INFO = NO;
				MTL_FAST_MATH = YES;
				SDKROOT = iphoneos;
				SWIFT_COMPILATION_MODE = wholemodule;
				SWIFT_OPTIMIZATION_LEVEL = "-O";
				VALIDATE_PRODUCT = YES;
			};
			name = Release;
		};
		55FA9BF7268082A600E48645 /* Debug */ = {
			isa = XCBuildConfiguration;
			baseConfigurationReference = FDDC581C6D5F6DD9D68CFA5A /* Pods-CryptoApiLib-BitcoinKit.debug.xcconfig */;
			buildSettings = {
				ASSETCATALOG_COMPILER_APPICON_NAME = AppIcon;
				ASSETCATALOG_COMPILER_GLOBAL_ACCENT_COLOR_NAME = AccentColor;
				CODE_SIGN_STYLE = Automatic;
				DEVELOPMENT_TEAM = Q7Q43CUMWT;
				INFOPLIST_FILE = "CryptoApiLib-BitcoinKit/Info.plist";
				IPHONEOS_DEPLOYMENT_TARGET = 11.0;
				LD_RUNPATH_SEARCH_PATHS = (
					"$(inherited)",
					"@executable_path/Frameworks",
				);
				PRODUCT_BUNDLE_IDENTIFIER = "pixelplex.io.CryptoApiLib-BitcoinKit";
				PRODUCT_NAME = "$(TARGET_NAME)";
				SWIFT_VERSION = 5.0;
				TARGETED_DEVICE_FAMILY = "1,2";
			};
			name = Debug;
		};
		55FA9BF8268082A600E48645 /* Release */ = {
			isa = XCBuildConfiguration;
			baseConfigurationReference = 1A293CA6AFD25E3E73AE5705 /* Pods-CryptoApiLib-BitcoinKit.release.xcconfig */;
			buildSettings = {
				ASSETCATALOG_COMPILER_APPICON_NAME = AppIcon;
				ASSETCATALOG_COMPILER_GLOBAL_ACCENT_COLOR_NAME = AccentColor;
				CODE_SIGN_STYLE = Automatic;
				DEVELOPMENT_TEAM = Q7Q43CUMWT;
				INFOPLIST_FILE = "CryptoApiLib-BitcoinKit/Info.plist";
				IPHONEOS_DEPLOYMENT_TARGET = 11.0;
				LD_RUNPATH_SEARCH_PATHS = (
					"$(inherited)",
					"@executable_path/Frameworks",
				);
				PRODUCT_BUNDLE_IDENTIFIER = "pixelplex.io.CryptoApiLib-BitcoinKit";
				PRODUCT_NAME = "$(TARGET_NAME)";
				SWIFT_VERSION = 5.0;
				TARGETED_DEVICE_FAMILY = "1,2";
			};
			name = Release;
		};
/* End XCBuildConfiguration section */

/* Begin XCConfigurationList section */
		55FA9BDD268082A300E48645 /* Build configuration list for PBXProject "CryptoApiLib-BitcoinKit" */ = {
			isa = XCConfigurationList;
			buildConfigurations = (
				55FA9BF4268082A600E48645 /* Debug */,
				55FA9BF5268082A600E48645 /* Release */,
			);
			defaultConfigurationIsVisible = 0;
			defaultConfigurationName = Release;
		};
		55FA9BF6268082A600E48645 /* Build configuration list for PBXNativeTarget "CryptoApiLib-BitcoinKit" */ = {
			isa = XCConfigurationList;
			buildConfigurations = (
				55FA9BF7268082A600E48645 /* Debug */,
				55FA9BF8268082A600E48645 /* Release */,
			);
			defaultConfigurationIsVisible = 0;
			defaultConfigurationName = Release;
		};
/* End XCConfigurationList section */
	};
	rootObject = 55FA9BDA268082A300E48645 /* Project object */;
}
